
Microsoft Visual Studio Solution File, Format Version 12.00
# Visual Studio Version 16
VisualStudioVersion = 16.0.29613.14
MinimumVisualStudioVersion = 10.0.40219.1
Project("{FAE04EC0-301F-11D3-BF4B-00C04F79EFBC}") = "TodoList", "TodoList\TodoList.csproj", "{DD761FAE-9A5B-40B3-8230-E59FEB5F1DFF}"
EndProject
Global
	GlobalSection(SolutionConfigurationPlatforms) = preSolution
		Debug|Any CPU = Debug|Any CPU
		Release|Any CPU = Release|Any CPU
	EndGlobalSection
	GlobalSection(ProjectConfigurationPlatforms) = postSolution
		{DD761FAE-9A5B-40B3-8230-E59FEB5F1DFF}.Debug|Any CPU.ActiveCfg = Debug|Any CPU
		{DD761FAE-9A5B-40B3-8230-E59FEB5F1DFF}.Debug|Any CPU.Build.0 = Debug|Any CPU
		{DD761FAE-9A5B-40B3-8230-E59FEB5F1DFF}.Release|Any CPU.ActiveCfg = Release|Any CPU
		{DD761FAE-9A5B-40B3-8230-E59FEB5F1DFF}.Release|Any CPU.Build.0 = Release|Any CPU
	EndGlobalSection
	GlobalSection(SolutionProperties) = preSolution
		HideSolutionNode = FALSE
	EndGlobalSection
	GlobalSection(ExtensibilityGlobals) = postSolution
		SolutionGuid = {6B308CE1-8979-42C4-81F2-3C623EE51DDA}
	EndGlobalSection
EndGlobal
